
Microsoft Visual Studio Solution File, Format Version 12.00
# Visual Studio Version 17
VisualStudioVersion = 17.6.33829.357
MinimumVisualStudioVersion = 10.0.40219.1
Project("{9A19103F-16F7-4668-BE54-9A1E7A4F7556}") = "StockAccounting.Web", "src\StockAccounting.Web\StockAccounting.Web.csproj", "{E1933BA7-ED40-4FA7-A3B0-A20D31CA5699}"
EndProject
Project("{2150E333-8FDC-42A3-9474-1A3956D46DE8}") = "src", "src", "{BC02F639-C8B3-4107-8A23-7B879579C4C1}"
EndProject
Project("{2150E333-8FDC-42A3-9474-1A3956D46DE8}") = "_database", "_database", "{F98F32EA-19B2-4994-BF15-EACA1675379F}"
EndProject
Project("{2150E333-8FDC-42A3-9474-1A3956D46DE8}") = "_core", "_core", "{47D147B7-029A-4852-97A2-D88BC46FB3A8}"
EndProject
Project("{9A19103F-16F7-4668-BE54-9A1E7A4F7556}") = "StockAccounting.Migrations", "src\_database\StockAccounting.Migrations\StockAccounting.Migrations.csproj", "{C204CA2F-4184-448A-BD5E-AD66836E6ECA}"
EndProject
Project("{9A19103F-16F7-4668-BE54-9A1E7A4F7556}") = "StockAccounting.Migrator", "src\_database\StockAccounting.Migrator\StockAccounting.Migrator.csproj", "{1B216AE5-F88D-4407-9C43-0F154E0FEFBB}"
EndProject
Project("{9A19103F-16F7-4668-BE54-9A1E7A4F7556}") = "StockAccounting.Synchronization", "src\_database\StockAccounting.Synchronization\StockAccounting.Synchronization.csproj", "{4E2022D3-9A8E-414C-B3C8-459C966C1774}"
	ProjectSection(ProjectDependencies) = postProject
		{C698DA01-D1D5-4444-B07D-E1661446AF91} = {C698DA01-D1D5-4444-B07D-E1661446AF91}
	EndProjectSection
EndProject
Project("{9A19103F-16F7-4668-BE54-9A1E7A4F7556}") = "StockAccounting.Api", "src\StockAccounting.Api\StockAccounting.Api.csproj", "{517534B0-FE9D-40FC-BEDE-498952CF7021}"
EndProject
Project("{9A19103F-16F7-4668-BE54-9A1E7A4F7556}") = "StockAccounting.Core.Data", "src\_core\StockAccounting.Core.Data\StockAccounting.Core.Data.csproj", "{C698DA01-D1D5-4444-B07D-E1661446AF91}"
EndProject
Project("{FAE04EC0-301F-11D3-BF4B-00C04F79EFBC}") = "StockAccounting.Checklist.Android", "src\StockAccounting.Checklist\StockAccounting.Checklist.Android\StockAccounting.Checklist.Android.csproj", "{8FDFFB01-5320-458B-AB3F-364A80D9D44C}"
EndProject
Project("{9A19103F-16F7-4668-BE54-9A1E7A4F7556}") = "StockAccounting.Checklist", "src\StockAccounting.Checklist\StockAccounting.Checklist\StockAccounting.Checklist.csproj", "{F2E85BDF-C040-4E75-8E43-976B9E23362B}"
EndProject
Project("{2150E333-8FDC-42A3-9474-1A3956D46DE8}") = "_tests", "_tests", "{86F2639B-F838-4976-92FA-2A5CE85BF543}"
EndProject
Project("{9A19103F-16F7-4668-BE54-9A1E7A4F7556}") = "StockAccounting.InventorySynchronization", "src\_database\StockAccounting.InventorySynchronization\StockAccounting.InventorySynchronization.csproj", "{6138CB32-E201-4516-8F1F-69D60808F29C}"
EndProject
Project("{9A19103F-16F7-4668-BE54-9A1E7A4F7556}") = "StockAccounting.EmailBot", "src\StockAccounting.EmailBot\StockAccounting.EmailBot.csproj", "{B60CFEDA-BF66-481F-93C0-7AC7D296CD6D}"
EndProject
Project("{FAE04EC0-301F-11D3-BF4B-00C04F79EFBC}") = "StockAccounting.UnitTests", "src\_tests\StockAccounting.UnitTests\StockAccounting.UnitTests.csproj", "{D2E9539F-60FA-465D-A0FA-9482F2E1CA01}"
EndProject
Project("{9A19103F-16F7-4668-BE54-9A1E7A4F7556}") = "StockAccounting.UsedStocksSynchronization", "src\_database\StockAccounting.UsedStocksSynchronization\StockAccounting.UsedStocksSynchronization.csproj", "{7C248290-A550-41B4-AA1E-404047BE99C7}"
EndProject
Project("{9A19103F-16F7-4668-BE54-9A1E7A4F7556}") = "StockAccounting.NetsuiteSynchronization", "src\_database\StockAccounting.NetsuiteSynchronization\StockAccounting.NetsuiteSynchronization.csproj", "{EEA87E18-A1D7-428E-973F-F1F222D21FBC}"
EndProject
Project("{FAE04EC0-301F-11D3-BF4B-00C04F79EFBC}") = "StockAccounting.Inventory", "src\StockAccounting.Inventory\StockAccounting.Inventory.csproj", "{898BB3BE-6598-4696-BB41-25C983B3FBC1}"
EndProject
Project("{FAE04EC0-301F-11D3-BF4B-00C04F79EFBC}") = "StockAccounting.Core.Android", "src\_core\StockAccounting.Core.Android\StockAccounting.Core.Android.csproj", "{C02B9DAC-DF02-49B3-805A-AB68688F6472}"
EndProject
Project("{FAE04EC0-301F-11D3-BF4B-00C04F79EFBC}") = "StockAccounting.ServiceTraderSynchronization", "src\_database\StockAccounting.ServiceTraderSynchronization\StockAccounting.ServiceTraderSynchronization.csproj", "{ABC975CE-9CD9-4543-AF76-8873C1E1640C}"
EndProject
Global
	GlobalSection(SolutionConfigurationPlatforms) = preSolution
		Debug|Any CPU = Debug|Any CPU
		Debug|x64 = Debug|x64
		Release|Any CPU = Release|Any CPU
		Release|x64 = Release|x64
	EndGlobalSection
	GlobalSection(ProjectConfigurationPlatforms) = postSolution
		{E1933BA7-ED40-4FA7-A3B0-A20D31CA5699}.Debug|Any CPU.ActiveCfg = Debug|Any CPU
		{E1933BA7-ED40-4FA7-A3B0-A20D31CA5699}.Debug|Any CPU.Build.0 = Debug|Any CPU
		{E1933BA7-ED40-4FA7-A3B0-A20D31CA5699}.Debug|x64.ActiveCfg = Debug|x64
		{E1933BA7-ED40-4FA7-A3B0-A20D31CA5699}.Debug|x64.Build.0 = Debug|x64
		{E1933BA7-ED40-4FA7-A3B0-A20D31CA5699}.Release|Any CPU.ActiveCfg = Release|Any CPU
		{E1933BA7-ED40-4FA7-A3B0-A20D31CA5699}.Release|Any CPU.Build.0 = Release|Any CPU
		{E1933BA7-ED40-4FA7-A3B0-A20D31CA5699}.Release|x64.ActiveCfg = Release|x64
		{E1933BA7-ED40-4FA7-A3B0-A20D31CA5699}.Release|x64.Build.0 = Release|x64
		{C204CA2F-4184-448A-BD5E-AD66836E6ECA}.Debug|Any CPU.ActiveCfg = Debug|Any CPU
		{C204CA2F-4184-448A-BD5E-AD66836E6ECA}.Debug|Any CPU.Build.0 = Debug|Any CPU
		{C204CA2F-4184-448A-BD5E-AD66836E6ECA}.Debug|x64.ActiveCfg = Debug|x64
		{C204CA2F-4184-448A-BD5E-AD66836E6ECA}.Debug|x64.Build.0 = Debug|x64
		{C204CA2F-4184-448A-BD5E-AD66836E6ECA}.Release|Any CPU.ActiveCfg = Release|Any CPU
		{C204CA2F-4184-448A-BD5E-AD66836E6ECA}.Release|Any CPU.Build.0 = Release|Any CPU
		{C204CA2F-4184-448A-BD5E-AD66836E6ECA}.Release|x64.ActiveCfg = Release|x64
		{C204CA2F-4184-448A-BD5E-AD66836E6ECA}.Release|x64.Build.0 = Release|x64
		{1B216AE5-F88D-4407-9C43-0F154E0FEFBB}.Debug|Any CPU.ActiveCfg = Debug|Any CPU
		{1B216AE5-F88D-4407-9C43-0F154E0FEFBB}.Debug|Any CPU.Build.0 = Debug|Any CPU
		{1B216AE5-F88D-4407-9C43-0F154E0FEFBB}.Debug|x64.ActiveCfg = Debug|x64
		{1B216AE5-F88D-4407-9C43-0F154E0FEFBB}.Debug|x64.Build.0 = Debug|x64
		{1B216AE5-F88D-4407-9C43-0F154E0FEFBB}.Release|Any CPU.ActiveCfg = Release|Any CPU
		{1B216AE5-F88D-4407-9C43-0F154E0FEFBB}.Release|Any CPU.Build.0 = Release|Any CPU
		{1B216AE5-F88D-4407-9C43-0F154E0FEFBB}.Release|x64.ActiveCfg = Release|x64
		{1B216AE5-F88D-4407-9C43-0F154E0FEFBB}.Release|x64.Build.0 = Release|x64
		{4E2022D3-9A8E-414C-B3C8-459C966C1774}.Debug|Any CPU.ActiveCfg = Debug|Any CPU
		{4E2022D3-9A8E-414C-B3C8-459C966C1774}.Debug|Any CPU.Build.0 = Debug|Any CPU
		{4E2022D3-9A8E-414C-B3C8-459C966C1774}.Debug|x64.ActiveCfg = Debug|x64
		{4E2022D3-9A8E-414C-B3C8-459C966C1774}.Debug|x64.Build.0 = Debug|x64
		{4E2022D3-9A8E-414C-B3C8-459C966C1774}.Release|Any CPU.ActiveCfg = Release|Any CPU
		{4E2022D3-9A8E-414C-B3C8-459C966C1774}.Release|Any CPU.Build.0 = Release|Any CPU
		{4E2022D3-9A8E-414C-B3C8-459C966C1774}.Release|x64.ActiveCfg = Release|x64
		{4E2022D3-9A8E-414C-B3C8-459C966C1774}.Release|x64.Build.0 = Release|x64
		{517534B0-FE9D-40FC-BEDE-498952CF7021}.Debug|Any CPU.ActiveCfg = Debug|Any CPU
		{517534B0-FE9D-40FC-BEDE-498952CF7021}.Debug|Any CPU.Build.0 = Debug|Any CPU
		{517534B0-FE9D-40FC-BEDE-498952CF7021}.Debug|x64.ActiveCfg = Debug|x64
		{517534B0-FE9D-40FC-BEDE-498952CF7021}.Debug|x64.Build.0 = Debug|x64
		{517534B0-FE9D-40FC-BEDE-498952CF7021}.Release|Any CPU.ActiveCfg = Release|Any CPU
		{517534B0-FE9D-40FC-BEDE-498952CF7021}.Release|Any CPU.Build.0 = Release|Any CPU
		{517534B0-FE9D-40FC-BEDE-498952CF7021}.Release|x64.ActiveCfg = Release|x64
		{517534B0-FE9D-40FC-BEDE-498952CF7021}.Release|x64.Build.0 = Release|x64
		{C698DA01-D1D5-4444-B07D-E1661446AF91}.Debug|Any CPU.ActiveCfg = Debug|Any CPU
		{C698DA01-D1D5-4444-B07D-E1661446AF91}.Debug|Any CPU.Build.0 = Debug|Any CPU
		{C698DA01-D1D5-4444-B07D-E1661446AF91}.Debug|x64.ActiveCfg = Debug|x64
		{C698DA01-D1D5-4444-B07D-E1661446AF91}.Debug|x64.Build.0 = Debug|x64
		{C698DA01-D1D5-4444-B07D-E1661446AF91}.Release|Any CPU.ActiveCfg = Release|Any CPU
		{C698DA01-D1D5-4444-B07D-E1661446AF91}.Release|Any CPU.Build.0 = Release|Any CPU
		{C698DA01-D1D5-4444-B07D-E1661446AF91}.Release|x64.ActiveCfg = Release|x64
		{C698DA01-D1D5-4444-B07D-E1661446AF91}.Release|x64.Build.0 = Release|x64
		{8FDFFB01-5320-458B-AB3F-364A80D9D44C}.Debug|Any CPU.ActiveCfg = Debug|Any CPU
		{8FDFFB01-5320-458B-AB3F-364A80D9D44C}.Debug|Any CPU.Build.0 = Debug|Any CPU
		{8FDFFB01-5320-458B-AB3F-364A80D9D44C}.Debug|Any CPU.Deploy.0 = Debug|Any CPU
		{8FDFFB01-5320-458B-AB3F-364A80D9D44C}.Debug|x64.ActiveCfg = Debug|x64
		{8FDFFB01-5320-458B-AB3F-364A80D9D44C}.Debug|x64.Build.0 = Debug|x64
		{8FDFFB01-5320-458B-AB3F-364A80D9D44C}.Debug|x64.Deploy.0 = Debug|x64
		{8FDFFB01-5320-458B-AB3F-364A80D9D44C}.Release|Any CPU.ActiveCfg = Release|Any CPU
		{8FDFFB01-5320-458B-AB3F-364A80D9D44C}.Release|Any CPU.Build.0 = Release|Any CPU
		{8FDFFB01-5320-458B-AB3F-364A80D9D44C}.Release|Any CPU.Deploy.0 = Release|Any CPU
		{8FDFFB01-5320-458B-AB3F-364A80D9D44C}.Release|x64.ActiveCfg = Release|x64
		{8FDFFB01-5320-458B-AB3F-364A80D9D44C}.Release|x64.Build.0 = Release|x64
		{8FDFFB01-5320-458B-AB3F-364A80D9D44C}.Release|x64.Deploy.0 = Release|x64
		{F2E85BDF-C040-4E75-8E43-976B9E23362B}.Debug|Any CPU.ActiveCfg = Debug|Any CPU
		{F2E85BDF-C040-4E75-8E43-976B9E23362B}.Debug|Any CPU.Build.0 = Debug|Any CPU
		{F2E85BDF-C040-4E75-8E43-976B9E23362B}.Debug|x64.ActiveCfg = Debug|x64
		{F2E85BDF-C040-4E75-8E43-976B9E23362B}.Debug|x64.Build.0 = Debug|x64
		{F2E85BDF-C040-4E75-8E43-976B9E23362B}.Release|Any CPU.ActiveCfg = Release|Any CPU
		{F2E85BDF-C040-4E75-8E43-976B9E23362B}.Release|Any CPU.Build.0 = Release|Any CPU
		{F2E85BDF-C040-4E75-8E43-976B9E23362B}.Release|x64.ActiveCfg = Release|x64
		{F2E85BDF-C040-4E75-8E43-976B9E23362B}.Release|x64.Build.0 = Release|x64
		{6138CB32-E201-4516-8F1F-69D60808F29C}.Debug|Any CPU.ActiveCfg = Debug|Any CPU
		{6138CB32-E201-4516-8F1F-69D60808F29C}.Debug|Any CPU.Build.0 = Debug|Any CPU
		{6138CB32-E201-4516-8F1F-69D60808F29C}.Debug|x64.ActiveCfg = Debug|Any CPU
		{6138CB32-E201-4516-8F1F-69D60808F29C}.Debug|x64.Build.0 = Debug|Any CPU
		{6138CB32-E201-4516-8F1F-69D60808F29C}.Release|Any CPU.ActiveCfg = Release|Any CPU
		{6138CB32-E201-4516-8F1F-69D60808F29C}.Release|Any CPU.Build.0 = Release|Any CPU
		{6138CB32-E201-4516-8F1F-69D60808F29C}.Release|x64.ActiveCfg = Release|Any CPU
		{6138CB32-E201-4516-8F1F-69D60808F29C}.Release|x64.Build.0 = Release|Any CPU
		{B60CFEDA-BF66-481F-93C0-7AC7D296CD6D}.Debug|Any CPU.ActiveCfg = Debug|Any CPU
		{B60CFEDA-BF66-481F-93C0-7AC7D296CD6D}.Debug|Any CPU.Build.0 = Debug|Any CPU
		{B60CFEDA-BF66-481F-93C0-7AC7D296CD6D}.Debug|x64.ActiveCfg = Debug|Any CPU
		{B60CFEDA-BF66-481F-93C0-7AC7D296CD6D}.Debug|x64.Build.0 = Debug|Any CPU
		{B60CFEDA-BF66-481F-93C0-7AC7D296CD6D}.Release|Any CPU.ActiveCfg = Release|Any CPU
		{B60CFEDA-BF66-481F-93C0-7AC7D296CD6D}.Release|Any CPU.Build.0 = Release|Any CPU
		{B60CFEDA-BF66-481F-93C0-7AC7D296CD6D}.Release|x64.ActiveCfg = Release|Any CPU
		{B60CFEDA-BF66-481F-93C0-7AC7D296CD6D}.Release|x64.Build.0 = Release|Any CPU
		{D2E9539F-60FA-465D-A0FA-9482F2E1CA01}.Debug|Any CPU.ActiveCfg = Debug|Any CPU
		{D2E9539F-60FA-465D-A0FA-9482F2E1CA01}.Debug|Any CPU.Build.0 = Debug|Any CPU
		{D2E9539F-60FA-465D-A0FA-9482F2E1CA01}.Debug|x64.ActiveCfg = Debug|Any CPU
		{D2E9539F-60FA-465D-A0FA-9482F2E1CA01}.Debug|x64.Build.0 = Debug|Any CPU
		{D2E9539F-60FA-465D-A0FA-9482F2E1CA01}.Release|Any CPU.ActiveCfg = Release|Any CPU
		{D2E9539F-60FA-465D-A0FA-9482F2E1CA01}.Release|Any CPU.Build.0 = Release|Any CPU
		{D2E9539F-60FA-465D-A0FA-9482F2E1CA01}.Release|x64.ActiveCfg = Release|Any CPU
		{D2E9539F-60FA-465D-A0FA-9482F2E1CA01}.Release|x64.Build.0 = Release|Any CPU
		{7C248290-A550-41B4-AA1E-404047BE99C7}.Debug|Any CPU.ActiveCfg = Debug|Any CPU
		{7C248290-A550-41B4-AA1E-404047BE99C7}.Debug|Any CPU.Build.0 = Debug|Any CPU
		{7C248290-A550-41B4-AA1E-404047BE99C7}.Debug|x64.ActiveCfg = Debug|Any CPU
		{7C248290-A550-41B4-AA1E-404047BE99C7}.Debug|x64.Build.0 = Debug|Any CPU
		{7C248290-A550-41B4-AA1E-404047BE99C7}.Release|Any CPU.ActiveCfg = Release|Any CPU
		{7C248290-A550-41B4-AA1E-404047BE99C7}.Release|Any CPU.Build.0 = Release|Any CPU
		{7C248290-A550-41B4-AA1E-404047BE99C7}.Release|x64.ActiveCfg = Release|Any CPU
		{7C248290-A550-41B4-AA1E-404047BE99C7}.Release|x64.Build.0 = Release|Any CPU
		{EEA87E18-A1D7-428E-973F-F1F222D21FBC}.Debug|Any CPU.ActiveCfg = Debug|Any CPU
		{EEA87E18-A1D7-428E-973F-F1F222D21FBC}.Debug|Any CPU.Build.0 = Debug|Any CPU
		{EEA87E18-A1D7-428E-973F-F1F222D21FBC}.Debug|x64.ActiveCfg = Debug|Any CPU
		{EEA87E18-A1D7-428E-973F-F1F222D21FBC}.Debug|x64.Build.0 = Debug|Any CPU
		{EEA87E18-A1D7-428E-973F-F1F222D21FBC}.Release|Any CPU.ActiveCfg = Release|Any CPU
		{EEA87E18-A1D7-428E-973F-F1F222D21FBC}.Release|Any CPU.Build.0 = Release|Any CPU
		{EEA87E18-A1D7-428E-973F-F1F222D21FBC}.Release|x64.ActiveCfg = Release|Any CPU
		{EEA87E18-A1D7-428E-973F-F1F222D21FBC}.Release|x64.Build.0 = Release|Any CPU
		{898BB3BE-6598-4696-BB41-25C983B3FBC1}.Debug|Any CPU.ActiveCfg = Debug|Any CPU
		{898BB3BE-6598-4696-BB41-25C983B3FBC1}.Debug|Any CPU.Build.0 = Debug|Any CPU
		{898BB3BE-6598-4696-BB41-25C983B3FBC1}.Debug|Any CPU.Deploy.0 = Debug|Any CPU
		{898BB3BE-6598-4696-BB41-25C983B3FBC1}.Debug|x64.ActiveCfg = Debug|Any CPU
		{898BB3BE-6598-4696-BB41-25C983B3FBC1}.Debug|x64.Build.0 = Debug|Any CPU
		{898BB3BE-6598-4696-BB41-25C983B3FBC1}.Debug|x64.Deploy.0 = Debug|Any CPU
		{898BB3BE-6598-4696-BB41-25C983B3FBC1}.Release|Any CPU.ActiveCfg = Release|Any CPU
		{898BB3BE-6598-4696-BB41-25C983B3FBC1}.Release|Any CPU.Build.0 = Release|Any CPU
		{898BB3BE-6598-4696-BB41-25C983B3FBC1}.Release|Any CPU.Deploy.0 = Release|Any CPU
		{898BB3BE-6598-4696-BB41-25C983B3FBC1}.Release|x64.ActiveCfg = Release|Any CPU
		{898BB3BE-6598-4696-BB41-25C983B3FBC1}.Release|x64.Build.0 = Release|Any CPU
		{898BB3BE-6598-4696-BB41-25C983B3FBC1}.Release|x64.Deploy.0 = Release|Any CPU
		{C02B9DAC-DF02-49B3-805A-AB68688F6472}.Debug|Any CPU.ActiveCfg = Debug|Any CPU
		{C02B9DAC-DF02-49B3-805A-AB68688F6472}.Debug|Any CPU.Build.0 = Debug|Any CPU
		{C02B9DAC-DF02-49B3-805A-AB68688F6472}.Debug|x64.ActiveCfg = Debug|Any CPU
		{C02B9DAC-DF02-49B3-805A-AB68688F6472}.Debug|x64.Build.0 = Debug|Any CPU
		{C02B9DAC-DF02-49B3-805A-AB68688F6472}.Release|Any CPU.ActiveCfg = Release|Any CPU
		{C02B9DAC-DF02-49B3-805A-AB68688F6472}.Release|Any CPU.Build.0 = Release|Any CPU
		{C02B9DAC-DF02-49B3-805A-AB68688F6472}.Release|x64.ActiveCfg = Release|Any CPU
		{C02B9DAC-DF02-49B3-805A-AB68688F6472}.Release|x64.Build.0 = Release|Any CPU
		{ABC975CE-9CD9-4543-AF76-8873C1E1640C}.Debug|Any CPU.ActiveCfg = Debug|Any CPU
		{ABC975CE-9CD9-4543-AF76-8873C1E1640C}.Debug|Any CPU.Build.0 = Debug|Any CPU
		{ABC975CE-9CD9-4543-AF76-8873C1E1640C}.Debug|x64.ActiveCfg = Debug|Any CPU
		{ABC975CE-9CD9-4543-AF76-8873C1E1640C}.Debug|x64.Build.0 = Debug|Any CPU
		{ABC975CE-9CD9-4543-AF76-8873C1E1640C}.Release|Any CPU.ActiveCfg = Release|Any CPU
		{ABC975CE-9CD9-4543-AF76-8873C1E1640C}.Release|Any CPU.Build.0 = Release|Any CPU
		{ABC975CE-9CD9-4543-AF76-8873C1E1640C}.Release|x64.ActiveCfg = Release|Any CPU
		{ABC975CE-9CD9-4543-AF76-8873C1E1640C}.Release|x64.Build.0 = Release|Any CPU
	EndGlobalSection
	GlobalSection(SolutionProperties) = preSolution
		HideSolutionNode = FALSE
	EndGlobalSection
	GlobalSection(NestedProjects) = preSolution
		{E1933BA7-ED40-4FA7-A3B0-A20D31CA5699} = {BC02F639-C8B3-4107-8A23-7B879579C4C1}
		{F98F32EA-19B2-4994-BF15-EACA1675379F} = {BC02F639-C8B3-4107-8A23-7B879579C4C1}
		{47D147B7-029A-4852-97A2-D88BC46FB3A8} = {BC02F639-C8B3-4107-8A23-7B879579C4C1}
		{C204CA2F-4184-448A-BD5E-AD66836E6ECA} = {F98F32EA-19B2-4994-BF15-EACA1675379F}
		{1B216AE5-F88D-4407-9C43-0F154E0FEFBB} = {F98F32EA-19B2-4994-BF15-EACA1675379F}
		{4E2022D3-9A8E-414C-B3C8-459C966C1774} = {F98F32EA-19B2-4994-BF15-EACA1675379F}
		{517534B0-FE9D-40FC-BEDE-498952CF7021} = {BC02F639-C8B3-4107-8A23-7B879579C4C1}
		{C698DA01-D1D5-4444-B07D-E1661446AF91} = {47D147B7-029A-4852-97A2-D88BC46FB3A8}
		{8FDFFB01-5320-458B-AB3F-364A80D9D44C} = {BC02F639-C8B3-4107-8A23-7B879579C4C1}
		{F2E85BDF-C040-4E75-8E43-976B9E23362B} = {BC02F639-C8B3-4107-8A23-7B879579C4C1}
		{86F2639B-F838-4976-92FA-2A5CE85BF543} = {BC02F639-C8B3-4107-8A23-7B879579C4C1}
		{6138CB32-E201-4516-8F1F-69D60808F29C} = {F98F32EA-19B2-4994-BF15-EACA1675379F}
		{B60CFEDA-BF66-481F-93C0-7AC7D296CD6D} = {BC02F639-C8B3-4107-8A23-7B879579C4C1}
		{D2E9539F-60FA-465D-A0FA-9482F2E1CA01} = {86F2639B-F838-4976-92FA-2A5CE85BF543}
		{7C248290-A550-41B4-AA1E-404047BE99C7} = {F98F32EA-19B2-4994-BF15-EACA1675379F}
		{EEA87E18-A1D7-428E-973F-F1F222D21FBC} = {F98F32EA-19B2-4994-BF15-EACA1675379F}
		{898BB3BE-6598-4696-BB41-25C983B3FBC1} = {BC02F639-C8B3-4107-8A23-7B879579C4C1}
		{C02B9DAC-DF02-49B3-805A-AB68688F6472} = {47D147B7-029A-4852-97A2-D88BC46FB3A8}
		{ABC975CE-9CD9-4543-AF76-8873C1E1640C} = {F98F32EA-19B2-4994-BF15-EACA1675379F}
	EndGlobalSection
	GlobalSection(ExtensibilityGlobals) = postSolution
		SolutionGuid = {2AC31CDD-FAD3-4A90-88E5-75176F8EE959}
	EndGlobalSection
EndGlobal
